// !$*UTF8*$!
{
	archiveVersion = 1;
	classes = {
	};
	objectVersion = 46;
	objects = {

/* Begin PBXBuildFile section */
		840033101B094D4500B48D03 /* MemeDetailVC.swift in Sources */ = {isa = PBXBuildFile; fileRef = 8400330F1B094D4500B48D03 /* MemeDetailVC.swift */; };
		841B837D1AF3FB7B008B81BC /* aTextFieldDelegate.swift in Sources */ = {isa = PBXBuildFile; fileRef = 841B837C1AF3FB7B008B81BC /* aTextFieldDelegate.swift */; };
		8441EBF61B0A412200A3B60D /* CollectionCell.swift in Sources */ = {isa = PBXBuildFile; fileRef = 8441EBF51B0A412200A3B60D /* CollectionCell.swift */; };
		846AB6061B1381E4003FF40F /* BebasNeue Bold.otf in Resources */ = {isa = PBXBuildFile; fileRef = 846AB6011B1381E4003FF40F /* BebasNeue Bold.otf */; };
		846AB6071B1381E4003FF40F /* BebasNeue Book.otf in Resources */ = {isa = PBXBuildFile; fileRef = 846AB6021B1381E4003FF40F /* BebasNeue Book.otf */; };
		846AB6081B1381E4003FF40F /* BebasNeue Light.otf in Resources */ = {isa = PBXBuildFile; fileRef = 846AB6031B1381E4003FF40F /* BebasNeue Light.otf */; };
		846AB6091B1381E4003FF40F /* BebasNeue Regular.otf in Resources */ = {isa = PBXBuildFile; fileRef = 846AB6041B1381E4003FF40F /* BebasNeue Regular.otf */; };
		846AB60A1B1381E4003FF40F /* BebasNeue Thin.otf in Resources */ = {isa = PBXBuildFile; fileRef = 846AB6051B1381E4003FF40F /* BebasNeue Thin.otf */; };
		8480CAB31B082B6F0050D780 /* Meme.swift in Sources */ = {isa = PBXBuildFile; fileRef = 8480CAB21B082B6F0050D780 /* Meme.swift */; };
		84A352761B07EC3000C2F46B /* TableVC.swift in Sources */ = {isa = PBXBuildFile; fileRef = 84A352751B07EC3000C2F46B /* TableVC.swift */; };
		84B385321AF13A6D000CE6BA /* AppDelegate.swift in Sources */ = {isa = PBXBuildFile; fileRef = 84B385311AF13A6D000CE6BA /* AppDelegate.swift */; };
		84B385341AF13A6D000CE6BA /* ViewController.swift in Sources */ = {isa = PBXBuildFile; fileRef = 84B385331AF13A6D000CE6BA /* ViewController.swift */; };
		84B385371AF13A6D000CE6BA /* Main.storyboard in Resources */ = {isa = PBXBuildFile; fileRef = 84B385351AF13A6D000CE6BA /* Main.storyboard */; };
		84B385391AF13A6D000CE6BA /* Images.xcassets in Resources */ = {isa = PBXBuildFile; fileRef = 84B385381AF13A6D000CE6BA /* Images.xcassets */; };
		84B3853C1AF13A6D000CE6BA /* LaunchScreen.xib in Resources */ = {isa = PBXBuildFile; fileRef = 84B3853A1AF13A6D000CE6BA /* LaunchScreen.xib */; };
		84B385481AF13A6D000CE6BA /* MemeMeTests.swift in Sources */ = {isa = PBXBuildFile; fileRef = 84B385471AF13A6D000CE6BA /* MemeMeTests.swift */; };
		84E1B7211B07EFC600C6C0D9 /* CollectionVC.swift in Sources */ = {isa = PBXBuildFile; fileRef = 84E1B7201B07EFC600C6C0D9 /* CollectionVC.swift */; };
/* End PBXBuildFile section */

/* Begin PBXContainerItemProxy section */
		84B385421AF13A6D000CE6BA /* PBXContainerItemProxy */ = {
			isa = PBXContainerItemProxy;
			containerPortal = 84B385241AF13A6D000CE6BA /* Project object */;
			proxyType = 1;
			remoteGlobalIDString = 84B3852B1AF13A6D000CE6BA;
			remoteInfo = MemeMePrelim3;
		};
/* End PBXContainerItemProxy section */

/* Begin PBXFileReference section */
		8400330F1B094D4500B48D03 /* MemeDetailVC.swift */ = {isa = PBXFileReference; fileEncoding = 4; lastKnownFileType = sourcecode.swift; path = MemeDetailVC.swift; sourceTree = "<group>"; };
		841B837C1AF3FB7B008B81BC /* aTextFieldDelegate.swift */ = {isa = PBXFileReference; fileEncoding = 4; lastKnownFileType = sourcecode.swift; path = aTextFieldDelegate.swift; sourceTree = "<group>"; };
		8441EBF51B0A412200A3B60D /* CollectionCell.swift */ = {isa = PBXFileReference; fileEncoding = 4; lastKnownFileType = sourcecode.swift; path = CollectionCell.swift; sourceTree = "<group>"; };
		846AB6011B1381E4003FF40F /* BebasNeue Bold.otf */ = {isa = PBXFileReference; lastKnownFileType = file; path = "BebasNeue Bold.otf"; sourceTree = "<group>"; };
		846AB6021B1381E4003FF40F /* BebasNeue Book.otf */ = {isa = PBXFileReference; lastKnownFileType = file; path = "BebasNeue Book.otf"; sourceTree = "<group>"; };
		846AB6031B1381E4003FF40F /* BebasNeue Light.otf */ = {isa = PBXFileReference; lastKnownFileType = file; path = "BebasNeue Light.otf"; sourceTree = "<group>"; };
		846AB6041B1381E4003FF40F /* BebasNeue Regular.otf */ = {isa = PBXFileReference; lastKnownFileType = file; path = "BebasNeue Regular.otf"; sourceTree = "<group>"; };
		846AB6051B1381E4003FF40F /* BebasNeue Thin.otf */ = {isa = PBXFileReference; lastKnownFileType = file; path = "BebasNeue Thin.otf"; sourceTree = "<group>"; };
		8480CAB21B082B6F0050D780 /* Meme.swift */ = {isa = PBXFileReference; fileEncoding = 4; lastKnownFileType = sourcecode.swift; path = Meme.swift; sourceTree = "<group>"; };
		84A352751B07EC3000C2F46B /* TableVC.swift */ = {isa = PBXFileReference; fileEncoding = 4; lastKnownFileType = sourcecode.swift; path = TableVC.swift; sourceTree = "<group>"; };
		84B3852C1AF13A6D000CE6BA /* MemeMe.app */ = {isa = PBXFileReference; explicitFileType = wrapper.application; includeInIndex = 0; path = MemeMe.app; sourceTree = BUILT_PRODUCTS_DIR; };
		84B385301AF13A6D000CE6BA /* Info.plist */ = {isa = PBXFileReference; lastKnownFileType = text.plist.xml; path = Info.plist; sourceTree = "<group>"; };
		84B385311AF13A6D000CE6BA /* AppDelegate.swift */ = {isa = PBXFileReference; lastKnownFileType = sourcecode.swift; path = AppDelegate.swift; sourceTree = "<group>"; };
		84B385331AF13A6D000CE6BA /* ViewController.swift */ = {isa = PBXFileReference; lastKnownFileType = sourcecode.swift; path = ViewController.swift; sourceTree = "<group>"; };
		84B385361AF13A6D000CE6BA /* Base */ = {isa = PBXFileReference; lastKnownFileType = file.storyboard; name = Base; path = Base.lproj/Main.storyboard; sourceTree = "<group>"; };
		84B385381AF13A6D000CE6BA /* Images.xcassets */ = {isa = PBXFileReference; lastKnownFileType = folder.assetcatalog; path = Images.xcassets; sourceTree = "<group>"; };
		84B3853B1AF13A6D000CE6BA /* Base */ = {isa = PBXFileReference; lastKnownFileType = file.xib; name = Base; path = Base.lproj/LaunchScreen.xib; sourceTree = "<group>"; };
		84B385411AF13A6D000CE6BA /* MemeMeTests.xctest */ = {isa = PBXFileReference; explicitFileType = wrapper.cfbundle; includeInIndex = 0; path = MemeMeTests.xctest; sourceTree = BUILT_PRODUCTS_DIR; };
		84B385461AF13A6D000CE6BA /* Info.plist */ = {isa = PBXFileReference; lastKnownFileType = text.plist.xml; path = Info.plist; sourceTree = "<group>"; };
		84B385471AF13A6D000CE6BA /* MemeMeTests.swift */ = {isa = PBXFileReference; lastKnownFileType = sourcecode.swift; path = MemeMeTests.swift; sourceTree = "<group>"; };
		84E1B7201B07EFC600C6C0D9 /* CollectionVC.swift */ = {isa = PBXFileReference; fileEncoding = 4; lastKnownFileType = sourcecode.swift; path = CollectionVC.swift; sourceTree = "<group>"; };
/* End PBXFileReference section */

/* Begin PBXFrameworksBuildPhase section */
		84B385291AF13A6D000CE6BA /* Frameworks */ = {
			isa = PBXFrameworksBuildPhase;
			buildActionMask = 2147483647;
			files = (
			);
			runOnlyForDeploymentPostprocessing = 0;
		};
		84B3853E1AF13A6D000CE6BA /* Frameworks */ = {
			isa = PBXFrameworksBuildPhase;
			buildActionMask = 2147483647;
			files = (
			);
			runOnlyForDeploymentPostprocessing = 0;
		};
/* End PBXFrameworksBuildPhase section */

/* Begin PBXGroup section */
		846AB6001B138158003FF40F /* Custom Fonts */ = {
			isa = PBXGroup;
			children = (
				846AB6011B1381E4003FF40F /* BebasNeue Bold.otf */,
				846AB6021B1381E4003FF40F /* BebasNeue Book.otf */,
				846AB6031B1381E4003FF40F /* BebasNeue Light.otf */,
				846AB6041B1381E4003FF40F /* BebasNeue Regular.otf */,
				846AB6051B1381E4003FF40F /* BebasNeue Thin.otf */,
			);
			name = "Custom Fonts";
			sourceTree = "<group>";
		};
		84B385231AF13A6D000CE6BA = {
			isa = PBXGroup;
			children = (
				84B3852E1AF13A6D000CE6BA /* MemeMe */,
				84B385441AF13A6D000CE6BA /* MemeMeTests */,
				84B3852D1AF13A6D000CE6BA /* Products */,
			);
			sourceTree = "<group>";
		};
		84B3852D1AF13A6D000CE6BA /* Products */ = {
			isa = PBXGroup;
			children = (
				84B3852C1AF13A6D000CE6BA /* MemeMe.app */,
				84B385411AF13A6D000CE6BA /* MemeMeTests.xctest */,
			);
			name = Products;
			sourceTree = "<group>";
		};
		84B3852E1AF13A6D000CE6BA /* MemeMe */ = {
			isa = PBXGroup;
			children = (
				846AB6001B138158003FF40F /* Custom Fonts */,
				84E1B7201B07EFC600C6C0D9 /* CollectionVC.swift */,
				84A352751B07EC3000C2F46B /* TableVC.swift */,
				84B385311AF13A6D000CE6BA /* AppDelegate.swift */,
				84B385331AF13A6D000CE6BA /* ViewController.swift */,
				8480CAB21B082B6F0050D780 /* Meme.swift */,
				84B385351AF13A6D000CE6BA /* Main.storyboard */,
				8441EBF51B0A412200A3B60D /* CollectionCell.swift */,
				8400330F1B094D4500B48D03 /* MemeDetailVC.swift */,
				84B385381AF13A6D000CE6BA /* Images.xcassets */,
				84B3852F1AF13A6D000CE6BA /* Supporting Files */,
				841B837C1AF3FB7B008B81BC /* aTextFieldDelegate.swift */,
			);
			path = MemeMe;
			sourceTree = "<group>";
		};
		84B3852F1AF13A6D000CE6BA /* Supporting Files */ = {
			isa = PBXGroup;
			children = (
				84B3853A1AF13A6D000CE6BA /* LaunchScreen.xib */,
				84B385301AF13A6D000CE6BA /* Info.plist */,
			);
			name = "Supporting Files";
			sourceTree = "<group>";
		};
		84B385441AF13A6D000CE6BA /* MemeMeTests */ = {
			isa = PBXGroup;
			children = (
				84B385471AF13A6D000CE6BA /* MemeMeTests.swift */,
				84B385451AF13A6D000CE6BA /* Supporting Files */,
			);
			path = MemeMeTests;
			sourceTree = "<group>";
		};
		84B385451AF13A6D000CE6BA /* Supporting Files */ = {
			isa = PBXGroup;
			children = (
				84B385461AF13A6D000CE6BA /* Info.plist */,
			);
			name = "Supporting Files";
			sourceTree = "<group>";
		};
/* End PBXGroup section */

/* Begin PBXNativeTarget section */
		84B3852B1AF13A6D000CE6BA /* MemeMe */ = {
			isa = PBXNativeTarget;
			buildConfigurationList = 84B3854B1AF13A6D000CE6BA /* Build configuration list for PBXNativeTarget "MemeMe" */;
			buildPhases = (
				84B385281AF13A6D000CE6BA /* Sources */,
				84B385291AF13A6D000CE6BA /* Frameworks */,
				84B3852A1AF13A6D000CE6BA /* Resources */,
			);
			buildRules = (
			);
			dependencies = (
			);
			name = MemeMe;
			productName = MemeMePrelim3;
			productReference = 84B3852C1AF13A6D000CE6BA /* MemeMe.app */;
			productType = "com.apple.product-type.application";
		};
		84B385401AF13A6D000CE6BA /* MemeMeTests */ = {
			isa = PBXNativeTarget;
			buildConfigurationList = 84B3854E1AF13A6D000CE6BA /* Build configuration list for PBXNativeTarget "MemeMeTests" */;
			buildPhases = (
				84B3853D1AF13A6D000CE6BA /* Sources */,
				84B3853E1AF13A6D000CE6BA /* Frameworks */,
				84B3853F1AF13A6D000CE6BA /* Resources */,
			);
			buildRules = (
			);
			dependencies = (
				84B385431AF13A6D000CE6BA /* PBXTargetDependency */,
			);
			name = MemeMeTests;
			productName = MemeMePrelim3Tests;
			productReference = 84B385411AF13A6D000CE6BA /* MemeMeTests.xctest */;
			productType = "com.apple.product-type.bundle.unit-test";
		};
/* End PBXNativeTarget section */

/* Begin PBXProject section */
		84B385241AF13A6D000CE6BA /* Project object */ = {
			isa = PBXProject;
			attributes = {
				LastSwiftMigration = 0720;
				LastSwiftUpdateCheck = 0720;
				LastUpgradeCheck = 0720;
				ORGANIZATIONNAME = "Dr. Janet M. Dunbar";
				TargetAttributes = {
					84B3852B1AF13A6D000CE6BA = {
						CreatedOnToolsVersion = 6.3.1;
						DevelopmentTeam = XREGL28FA9;
					};
					84B385401AF13A6D000CE6BA = {
						CreatedOnToolsVersion = 6.3.1;
						TestTargetID = 84B3852B1AF13A6D000CE6BA;
					};
				};
			};
			buildConfigurationList = 84B385271AF13A6D000CE6BA /* Build configuration list for PBXProject "MemeMe" */;
			compatibilityVersion = "Xcode 3.2";
			developmentRegion = English;
			hasScannedForEncodings = 0;
			knownRegions = (
				en,
				Base,
			);
			mainGroup = 84B385231AF13A6D000CE6BA;
			productRefGroup = 84B3852D1AF13A6D000CE6BA /* Products */;
			projectDirPath = "";
			projectRoot = "";
			targets = (
				84B3852B1AF13A6D000CE6BA /* MemeMe */,
				84B385401AF13A6D000CE6BA /* MemeMeTests */,
			);
		};
/* End PBXProject section */

/* Begin PBXResourcesBuildPhase section */
		84B3852A1AF13A6D000CE6BA /* Resources */ = {
			isa = PBXResourcesBuildPhase;
			buildActionMask = 2147483647;
			files = (
				846AB6071B1381E4003FF40F /* BebasNeue Book.otf in Resources */,
				846AB6061B1381E4003FF40F /* BebasNeue Bold.otf in Resources */,
				846AB6081B1381E4003FF40F /* BebasNeue Light.otf in Resources */,
				84B385371AF13A6D000CE6BA /* Main.storyboard in Resources */,
				84B3853C1AF13A6D000CE6BA /* LaunchScreen.xib in Resources */,
				846AB6091B1381E4003FF40F /* BebasNeue Regular.otf in Resources */,
				846AB60A1B1381E4003FF40F /* BebasNeue Thin.otf in Resources */,
				84B385391AF13A6D000CE6BA /* Images.xcassets in Resources */,
			);
			runOnlyForDeploymentPostprocessing = 0;
		};
		84B3853F1AF13A6D000CE6BA /* Resources */ = {
			isa = PBXResourcesBuildPhase;
			buildActionMask = 2147483647;
			files = (
			);
			runOnlyForDeploymentPostprocessing = 0;
		};
/* End PBXResourcesBuildPhase section */

/* Begin PBXSourcesBuildPhase section */
		84B385281AF13A6D000CE6BA /* Sources */ = {
			isa = PBXSourcesBuildPhase;
			buildActionMask = 2147483647;
			files = (
				841B837D1AF3FB7B008B81BC /* aTextFieldDelegate.swift in Sources */,
				84A352761B07EC3000C2F46B /* TableVC.swift in Sources */,
				84B385341AF13A6D000CE6BA /* ViewController.swift in Sources */,
				840033101B094D4500B48D03 /* MemeDetailVC.swift in Sources */,
				8441EBF61B0A412200A3B60D /* CollectionCell.swift in Sources */,
				8480CAB31B082B6F0050D780 /* Meme.swift in Sources */,
				84B385321AF13A6D000CE6BA /* AppDelegate.swift in Sources */,
				84E1B7211B07EFC600C6C0D9 /* CollectionVC.swift in Sources */,
			);
			runOnlyForDeploymentPostprocessing = 0;
		};
		84B3853D1AF13A6D000CE6BA /* Sources */ = {
			isa = PBXSourcesBuildPhase;
			buildActionMask = 2147483647;
			files = (
				84B385481AF13A6D000CE6BA /* MemeMeTests.swift in Sources */,
			);
			runOnlyForDeploymentPostprocessing = 0;
		};
/* End PBXSourcesBuildPhase section */

/* Begin PBXTargetDependency section */
		84B385431AF13A6D000CE6BA /* PBXTargetDependency */ = {
			isa = PBXTargetDependency;
			target = 84B3852B1AF13A6D000CE6BA /* MemeMe */;
			targetProxy = 84B385421AF13A6D000CE6BA /* PBXContainerItemProxy */;
		};
/* End PBXTargetDependency section */

/* Begin PBXVariantGroup section */
		84B385351AF13A6D000CE6BA /* Main.storyboard */ = {
			isa = PBXVariantGroup;
			children = (
				84B385361AF13A6D000CE6BA /* Base */,
			);
			name = Main.storyboard;
			sourceTree = "<group>";
		};
		84B3853A1AF13A6D000CE6BA /* LaunchScreen.xib */ = {
			isa = PBXVariantGroup;
			children = (
				84B3853B1AF13A6D000CE6BA /* Base */,
			);
			name = LaunchScreen.xib;
			sourceTree = "<group>";
		};
/* End PBXVariantGroup section */

/* Begin XCBuildConfiguration section */
		84B385491AF13A6D000CE6BA /* Debug */ = {
			isa = XCBuildConfiguration;
			buildSettings = {
				ALWAYS_SEARCH_USER_PATHS = NO;
				CLANG_CXX_LANGUAGE_STANDARD = "gnu++0x";
				CLANG_CXX_LIBRARY = "libc++";
				CLANG_ENABLE_MODULES = YES;
				CLANG_ENABLE_OBJC_ARC = YES;
				CLANG_WARN_BOOL_CONVERSION = YES;
				CLANG_WARN_CONSTANT_CONVERSION = YES;
				CLANG_WARN_DIRECT_OBJC_ISA_USAGE = YES_ERROR;
				CLANG_WARN_EMPTY_BODY = YES;
				CLANG_WARN_ENUM_CONVERSION = YES;
				CLANG_WARN_INT_CONVERSION = YES;
				CLANG_WARN_OBJC_ROOT_CLASS = YES_ERROR;
				CLANG_WARN_UNREACHABLE_CODE = YES;
				CLANG_WARN__DUPLICATE_METHOD_MATCH = YES;
				"CODE_SIGN_IDENTITY[sdk=iphoneos*]" = "iPhone Developer";
				COPY_PHASE_STRIP = NO;
				DEBUG_INFORMATION_FORMAT = "dwarf-with-dsym";
				ENABLE_STRICT_OBJC_MSGSEND = YES;
				ENABLE_TESTABILITY = YES;
				GCC_C_LANGUAGE_STANDARD = gnu99;
				GCC_DYNAMIC_NO_PIC = NO;
				GCC_NO_COMMON_BLOCKS = YES;
				GCC_OPTIMIZATION_LEVEL = 0;
				GCC_PREPROCESSOR_DEFINITIONS = (
					"DEBUG=1",
					"$(inherited)",
				);
				GCC_SYMBOLS_PRIVATE_EXTERN = NO;
				GCC_WARN_64_TO_32_BIT_CONVERSION = YES;
				GCC_WARN_ABOUT_RETURN_TYPE = YES_ERROR;
				GCC_WARN_UNDECLARED_SELECTOR = YES;
				GCC_WARN_UNINITIALIZED_AUTOS = YES_AGGRESSIVE;
				GCC_WARN_UNUSED_FUNCTION = YES;
				GCC_WARN_UNUSED_VARIABLE = YES;
				IPHONEOS_DEPLOYMENT_TARGET = 8.3;
				MTL_ENABLE_DEBUG_INFO = YES;
				ONLY_ACTIVE_ARCH = YES;
				SDKROOT = iphoneos;
				SWIFT_OPTIMIZATION_LEVEL = "-Onone";
			};
			name = Debug;
		};
		84B3854A1AF13A6D000CE6BA /* Release */ = {
			isa = XCBuildConfiguration;
			buildSettings = {
				ALWAYS_SEARCH_USER_PATHS = NO;
				CLANG_CXX_LANGUAGE_STANDARD = "gnu++0x";
				CLANG_CXX_LIBRARY = "libc++";
				CLANG_ENABLE_MODULES = YES;
				CLANG_ENABLE_OBJC_ARC = YES;
				CLANG_WARN_BOOL_CONVERSION = YES;
				CLANG_WARN_CONSTANT_CONVERSION = YES;
				CLANG_WARN_DIRECT_OBJC_ISA_USAGE = YES_ERROR;
				CLANG_WARN_EMPTY_BODY = YES;
				CLANG_WARN_ENUM_CONVERSION = YES;
				CLANG_WARN_INT_CONVERSION = YES;
				CLANG_WARN_OBJC_ROOT_CLASS = YES_ERROR;
				CLANG_WARN_UNREACHABLE_CODE = YES;
				CLANG_WARN__DUPLICATE_METHOD_MATCH = YES;
				"CODE_SIGN_IDENTITY[sdk=iphoneos*]" = "iPhone Developer";
				COPY_PHASE_STRIP = NO;
				DEBUG_INFORMATION_FORMAT = "dwarf-with-dsym";
				ENABLE_NS_ASSERTIONS = NO;
				ENABLE_STRICT_OBJC_MSGSEND = YES;
				GCC_C_LANGUAGE_STANDARD = gnu99;
				GCC_NO_COMMON_BLOCKS = YES;
				GCC_WARN_64_TO_32_BIT_CONVERSION = YES;
				GCC_WARN_ABOUT_RETURN_TYPE = YES_ERROR;
				GCC_WARN_UNDECLARED_SELECTOR = YES;
				GCC_WARN_UNINITIALIZED_AUTOS = YES_AGGRESSIVE;
				GCC_WARN_UNUSED_FUNCTION = YES;
				GCC_WARN_UNUSED_VARIABLE = YES;
				IPHONEOS_DEPLOYMENT_TARGET = 8.3;
				MTL_ENABLE_DEBUG_INFO = NO;
				SDKROOT = iphoneos;
				VALIDATE_PRODUCT = YES;
			};
			name = Release;
		};
		84B3854C1AF13A6D000CE6BA /* Debug */ = {
			isa = XCBuildConfiguration;
			buildSettings = {
				ASSETCATALOG_COMPILER_APPICON_NAME = AppIcon;
				CODE_SIGN_IDENTITY = "iPhone Developer";
				INFOPLIST_FILE = MemeMe/Info.plist;
				LD_RUNPATH_SEARCH_PATHS = "$(inherited) @executable_path/Frameworks";
				PRODUCT_BUNDLE_IDENTIFIER = "com.amberlight.$(PRODUCT_NAME:rfc1034identifier)";
				PRODUCT_NAME = MemeMe;
			};
			name = Debug;
		};
		84B3854D1AF13A6D000CE6BA /* Release */ = {
			isa = XCBuildConfiguration;
			buildSettings = {
				ASSETCATALOG_COMPILER_APPICON_NAME = AppIcon;
				CODE_SIGN_IDENTITY = "iPhone Developer";
				INFOPLIST_FILE = MemeMe/Info.plist;
				LD_RUNPATH_SEARCH_PATHS = "$(inherited) @executable_path/Frameworks";
				PRODUCT_BUNDLE_IDENTIFIER = "com.amberlight.$(PRODUCT_NAME:rfc1034identifier)";
				PRODUCT_NAME = MemeMe;
			};
			name = Release;
		};
		84B3854F1AF13A6D000CE6BA /* Debug */ = {
			isa = XCBuildConfiguration;
			buildSettings = {
				BUNDLE_LOADER = "$(TEST_HOST)";
				FRAMEWORK_SEARCH_PATHS = (
					"$(SDKROOT)/Developer/Library/Frameworks",
					"$(inherited)",
				);
				GCC_PREPROCESSOR_DEFINITIONS = (
					"DEBUG=1",
					"$(inherited)",
				);
				INFOPLIST_FILE = MemeMeTests/Info.plist;
				LD_RUNPATH_SEARCH_PATHS = "$(inherited) @executable_path/Frameworks @loader_path/Frameworks";
				PRODUCT_BUNDLE_IDENTIFIER = "com.amberlight.$(PRODUCT_NAME:rfc1034identifier)";
				PRODUCT_NAME = MemeMeTests;
				TEST_HOST = "";
			};
			name = Debug;
		};
		84B385501AF13A6D000CE6BA /* Release */ = {
			isa = XCBuildConfiguration;
			buildSettings = {
				BUNDLE_LOADER = "$(TEST_HOST)";
				FRAMEWORK_SEARCH_PATHS = (
					"$(SDKROOT)/Developer/Library/Frameworks",
					"$(inherited)",
				);
				INFOPLIST_FILE = MemeMeTests/Info.plist;
				LD_RUNPATH_SEARCH_PATHS = "$(inherited) @executable_path/Frameworks @loader_path/Frameworks";
				PRODUCT_BUNDLE_IDENTIFIER = "com.amberlight.$(PRODUCT_NAME:rfc1034identifier)";
				PRODUCT_NAME = MemeMeTests;
				TEST_HOST = "";
			};
			name = Release;
		};
/* End XCBuildConfiguration section */

/* Begin XCConfigurationList section */
		84B385271AF13A6D000CE6BA /* Build configuration list for PBXProject "MemeMe" */ = {
			isa = XCConfigurationList;
			buildConfigurations = (
				84B385491AF13A6D000CE6BA /* Debug */,
				84B3854A1AF13A6D000CE6BA /* Release */,
			);
			defaultConfigurationIsVisible = 0;
			defaultConfigurationName = Release;
		};
		84B3854B1AF13A6D000CE6BA /* Build configuration list for PBXNativeTarget "MemeMe" */ = {
			isa = XCConfigurationList;
			buildConfigurations = (
				84B3854C1AF13A6D000CE6BA /* Debug */,
				84B3854D1AF13A6D000CE6BA /* Release */,
			);
			defaultConfigurationIsVisible = 0;
			defaultConfigurationName = Release;
		};
		84B3854E1AF13A6D000CE6BA /* Build configuration list for PBXNativeTarget "MemeMeTests" */ = {
			isa = XCConfigurationList;
			buildConfigurations = (
				84B3854F1AF13A6D000CE6BA /* Debug */,
				84B385501AF13A6D000CE6BA /* Release */,
			);
			defaultConfigurationIsVisible = 0;
			defaultConfigurationName = Release;
		};
/* End XCConfigurationList section */
	};
	rootObject = 84B385241AF13A6D000CE6BA /* Project object */;
}
